
Microsoft Visual Studio Solution File, Format Version 11.00
# Visual C# Express 2010
Project("{FAE04EC0-301F-11D3-BF4B-00C04F79EFBC}") = "DataGridManager1", "DataGridManager1\DataGridManager1.csproj", "{2FC54E7D-06EF-4ABA-AA6A-2E80FF6E279B}"
EndProject
Global
	GlobalSection(SolutionConfigurationPlatforms) = preSolution
		Debug|x86 = Debug|x86
		Release|x86 = Release|x86
	EndGlobalSection
	GlobalSection(ProjectConfigurationPlatforms) = postSolution
		{2FC54E7D-06EF-4ABA-AA6A-2E80FF6E279B}.Debug|x86.ActiveCfg = Debug|x86
		{2FC54E7D-06EF-4ABA-AA6A-2E80FF6E279B}.Debug|x86.Build.0 = Debug|x86
		{2FC54E7D-06EF-4ABA-AA6A-2E80FF6E279B}.Release|x86.ActiveCfg = Release|x86
		{2FC54E7D-06EF-4ABA-AA6A-2E80FF6E279B}.Release|x86.Build.0 = Release|x86
	EndGlobalSection
	GlobalSection(SolutionProperties) = preSolution
		HideSolutionNode = FALSE
	EndGlobalSection
EndGlobal
